
Microsoft Visual Studio Solution File, Format Version 12.00
# Visual Studio 15
Project("{FAE04EC0-301F-11D3-BF4B-00C04F79EFBC}") = "UnityEngine.TestRunner", "UnityEngine.TestRunner.csproj", "{39AF9565-C2F2-E71F-9309-CF6F25042EF1}"
EndProject
Project("{FAE04EC0-301F-11D3-BF4B-00C04F79EFBC}") = "UnityEngine.UI", "UnityEngine.UI.csproj", "{EDBA2C08-7960-84BA-73C7-9A23E94FBBA0}"
EndProject
Project("{FAE04EC0-301F-11D3-BF4B-00C04F79EFBC}") = "Unity.VisualScripting.Flow", "Unity.VisualScripting.Flow.csproj", "{C3E9F4BA-83E9-8306-BC74-8D89957652B0}"
EndProject
Project("{FAE04EC0-301F-11D3-BF4B-00C04F79EFBC}") = "Unity.Services.Core.Telemetry", "Unity.Services.Core.Telemetry.csproj", "{93873C01-A000-BC15-10A9-8363B182CCB7}"
EndProject
Project("{FAE04EC0-301F-11D3-BF4B-00C04F79EFBC}") = "Unity.VisualScripting.State", "Unity.VisualScripting.State.csproj", "{80AF93E7-94EF-EEB3-A1E9-3742DF0707A8}"
EndProject
Project("{FAE04EC0-301F-11D3-BF4B-00C04F79EFBC}") = "Unity.VisualScripting.Core", "Unity.VisualScripting.Core.csproj", "{28B2AB11-04E4-26AC-0DCE-73EC385E6D08}"
EndProject
Project("{FAE04EC0-301F-11D3-BF4B-00C04F79EFBC}") = "Unity.Services.Core.Environments.Internal", "Unity.Services.Core.Environments.Internal.csproj", "{A137B538-1D90-920B-BECB-E8D18D8E2375}"
EndProject
Project("{FAE04EC0-301F-11D3-BF4B-00C04F79EFBC}") = "Unity.TextMeshPro", "Unity.TextMeshPro.csproj", "{5EB11DA9-91F5-295D-087E-2972356E33AF}"
EndProject
Project("{FAE04EC0-301F-11D3-BF4B-00C04F79EFBC}") = "Unity.Timeline", "Unity.Timeline.csproj", "{C23AACCB-41DB-4A90-C526-FB9888F5D582}"
EndProject
Project("{FAE04EC0-301F-11D3-BF4B-00C04F79EFBC}") = "Unity.Services.Core", "Unity.Services.Core.csproj", "{44D658B6-2158-EEB5-199C-CE8104FBCD50}"
EndProject
Project("{FAE04EC0-301F-11D3-BF4B-00C04F79EFBC}") = "Unity.Services.Core.Environments", "Unity.Services.Core.Environments.csproj", "{6361E332-89A8-3296-C2DA-DFE8B3CB8FA4}"
EndProject
Project("{FAE04EC0-301F-11D3-BF4B-00C04F79EFBC}") = "Unity.Services.Core.Internal", "Unity.Services.Core.Internal.csproj", "{A7444374-BCA0-E748-A816-BBC0E8E677EA}"
EndProject
Project("{FAE04EC0-301F-11D3-BF4B-00C04F79EFBC}") = "Unity.Services.Core.Analytics", "Unity.Services.Core.Analytics.csproj", "{82A7CE6B-0500-A52A-E578-2296CFA4A1E3}"
EndProject
Project("{FAE04EC0-301F-11D3-BF4B-00C04F79EFBC}") = "Unity.Services.Core.Scheduler", "Unity.Services.Core.Scheduler.csproj", "{6107F904-43D5-D6E5-881F-8AC90EB864D7}"
EndProject
Project("{FAE04EC0-301F-11D3-BF4B-00C04F79EFBC}") = "Unity.Services.Core.Registration", "Unity.Services.Core.Registration.csproj", "{B9C19BB5-C1C8-67B4-0C89-1D14BEA1B9C0}"
EndProject
Project("{FAE04EC0-301F-11D3-BF4B-00C04F79EFBC}") = "Assembly-CSharp", "Assembly-CSharp.csproj", "{07862C7E-66AB-D69A-A713-C5A4966ECAA3}"
EndProject
Project("{FAE04EC0-301F-11D3-BF4B-00C04F79EFBC}") = "Unity.Services.Core.Device", "Unity.Services.Core.Device.csproj", "{155473EF-FFAC-A4B9-1C2F-58EF15933D0C}"
EndProject
Project("{FAE04EC0-301F-11D3-BF4B-00C04F79EFBC}") = "Unity.Services.Core.Threading", "Unity.Services.Core.Threading.csproj", "{E1E1FED5-4731-C08D-CE80-8ABA630C0C70}"
EndProject
Project("{FAE04EC0-301F-11D3-BF4B-00C04F79EFBC}") = "Unity.Services.Core.Networking", "Unity.Services.Core.Networking.csproj", "{199B0AE2-AD3E-5FF2-6DBB-255CA4C83376}"
EndProject
Project("{FAE04EC0-301F-11D3-BF4B-00C04F79EFBC}") = "Unity.Services.Core.Configuration", "Unity.Services.Core.Configuration.csproj", "{5DBC6121-E6FF-BA76-31DA-D0D86E1CD8CD}"
EndProject
Project("{FAE04EC0-301F-11D3-BF4B-00C04F79EFBC}") = "Unity.PlasticSCM.Editor", "Unity.PlasticSCM.Editor.csproj", "{E828F7C6-2849-F813-74B3-8C34045942AE}"
EndProject
Project("{FAE04EC0-301F-11D3-BF4B-00C04F79EFBC}") = "Unity.VisualScripting.Core.Editor", "Unity.VisualScripting.Core.Editor.csproj", "{82D71DAD-5E40-A645-2145-80DEB71F3F07}"
EndProject
Project("{FAE04EC0-301F-11D3-BF4B-00C04F79EFBC}") = "Unity.VisualScripting.Flow.Editor", "Unity.VisualScripting.Flow.Editor.csproj", "{EC4B80E6-2D55-7A7E-FF52-7FCE440E7120}"
EndProject
Project("{FAE04EC0-301F-11D3-BF4B-00C04F79EFBC}") = "Unity.VisualStudio.Editor", "Unity.VisualStudio.Editor.csproj", "{B1D39982-A455-6971-ECC5-230C45B59D7A}"
EndProject
Project("{FAE04EC0-301F-11D3-BF4B-00C04F79EFBC}") = "Unity.Timeline.Editor", "Unity.Timeline.Editor.csproj", "{8DD62C2B-8EEC-2265-F7F2-9C529EFFE729}"
EndProject
Project("{FAE04EC0-301F-11D3-BF4B-00C04F79EFBC}") = "Unity.VisualScripting.State.Editor", "Unity.VisualScripting.State.Editor.csproj", "{0091C530-679E-BC52-121C-8AD336FBB27E}"
EndProject
Project("{FAE04EC0-301F-11D3-BF4B-00C04F79EFBC}") = "Unity.TextMeshPro.Editor", "Unity.TextMeshPro.Editor.csproj", "{AA6A4172-7DD3-5A6D-E685-B96F7FC08329}"
EndProject
Project("{FAE04EC0-301F-11D3-BF4B-00C04F79EFBC}") = "Unity.VisualScripting.SettingsProvider.Editor", "Unity.VisualScripting.SettingsProvider.Editor.csproj", "{D58EC8E3-D3E3-56B2-3ECA-E73B69B84C09}"
EndProject
Project("{FAE04EC0-301F-11D3-BF4B-00C04F79EFBC}") = "Unity.CollabProxy.Editor", "Unity.CollabProxy.Editor.csproj", "{E011D0D6-31FC-7CFC-26FB-8DC5A740EBB5}"
EndProject
Project("{FAE04EC0-301F-11D3-BF4B-00C04F79EFBC}") = "UnityEditor.TestRunner", "UnityEditor.TestRunner.csproj", "{5A3FC69F-1415-65E8-3A3B-6542DA26891C}"
EndProject
Project("{FAE04EC0-301F-11D3-BF4B-00C04F79EFBC}") = "Unity.Services.Core.Editor", "Unity.Services.Core.Editor.csproj", "{EFA8BCC7-E50B-6125-0FA6-386F7015018D}"
EndProject
Project("{FAE04EC0-301F-11D3-BF4B-00C04F79EFBC}") = "Unity.TestTools.CodeCoverage.Editor", "Unity.TestTools.CodeCoverage.Editor.csproj", "{CCB4C4EB-F0A5-A717-BA54-FA11001A5C5F}"
EndProject
Project("{FAE04EC0-301F-11D3-BF4B-00C04F79EFBC}") = "Unity.Rider.Editor", "Unity.Rider.Editor.csproj", "{32F67AD8-3C52-199B-51A8-E32A86053752}"
EndProject
Project("{FAE04EC0-301F-11D3-BF4B-00C04F79EFBC}") = "Unity.Performance.Profile-Analyzer.Editor", "Unity.Performance.Profile-Analyzer.Editor.csproj", "{1BD72984-24C0-3C57-6766-AB8F86AEA32F}"
EndProject
Project("{FAE04EC0-301F-11D3-BF4B-00C04F79EFBC}") = "Unity.VSCode.Editor", "Unity.VSCode.Editor.csproj", "{65F5AF22-ADC4-788E-3194-B31DF42E7777}"
EndProject
Project("{FAE04EC0-301F-11D3-BF4B-00C04F79EFBC}") = "UnityEditor.UI", "UnityEditor.UI.csproj", "{2A8DB1F0-0D05-5615-7603-249C61722E71}"
EndProject
Project("{FAE04EC0-301F-11D3-BF4B-00C04F79EFBC}") = "Unity.TestTools.CodeCoverage.Editor.OpenCover.Model", "Unity.TestTools.CodeCoverage.Editor.OpenCover.Model.csproj", "{8F00630D-5CF1-0339-5DDD-18825B979111}"
EndProject
Project("{FAE04EC0-301F-11D3-BF4B-00C04F79EFBC}") = "Unity.EditorCoroutines.Editor", "Unity.EditorCoroutines.Editor.csproj", "{C5932056-618C-B517-D452-0ED11CFECA81}"
EndProject
Project("{FAE04EC0-301F-11D3-BF4B-00C04F79EFBC}") = "Unity.Settings.Editor", "Unity.Settings.Editor.csproj", "{78D57DFF-1018-AE76-113C-2BE9D6D49836}"
EndProject
Project("{FAE04EC0-301F-11D3-BF4B-00C04F79EFBC}") = "Unity.Services.Core.Configuration.Editor", "Unity.Services.Core.Configuration.Editor.csproj", "{0F001DF4-4F77-984C-1309-9314330A69C5}"
EndProject
Project("{FAE04EC0-301F-11D3-BF4B-00C04F79EFBC}") = "Unity.TestTools.CodeCoverage.Editor.OpenCover.Mono.Reflection", "Unity.TestTools.CodeCoverage.Editor.OpenCover.Mono.Reflection.csproj", "{5FA3401C-BF29-DA80-BAE5-3B5182336DAD}"
EndProject
Project("{FAE04EC0-301F-11D3-BF4B-00C04F79EFBC}") = "Unity.VisualScripting.Shared.Editor", "Unity.VisualScripting.Shared.Editor.csproj", "{FCBE1B54-12CA-58E8-7DD2-CD8AF00974B8}"
EndProject
Project("{FAE04EC0-301F-11D3-BF4B-00C04F79EFBC}") = "UnityEngine.TestRunner", "UnityEngine.TestRunner.Player.csproj", "{307E6751-F175-DFE2-E468-EC59AC0C8441}"
EndProject
Project("{FAE04EC0-301F-11D3-BF4B-00C04F79EFBC}") = "UnityEngine.UI", "UnityEngine.UI.Player.csproj", "{36F048C5-7AEA-A322-28DB-A581AB4DB2CA}"
EndProject
Project("{FAE04EC0-301F-11D3-BF4B-00C04F79EFBC}") = "Unity.VisualScripting.Flow", "Unity.VisualScripting.Flow.Player.csproj", "{3D9AF0DD-060E-5A6B-3A01-DEBBF5DBA519}"
EndProject
Project("{FAE04EC0-301F-11D3-BF4B-00C04F79EFBC}") = "Unity.Services.Core.Telemetry", "Unity.Services.Core.Telemetry.Player.csproj", "{1F18AC24-608D-3A0D-51A5-369A97D5A796}"
EndProject
Project("{FAE04EC0-301F-11D3-BF4B-00C04F79EFBC}") = "Unity.VisualScripting.State", "Unity.VisualScripting.State.Player.csproj", "{50210D70-C40B-E624-1727-7E5635A97566}"
EndProject
Project("{FAE04EC0-301F-11D3-BF4B-00C04F79EFBC}") = "Unity.VisualScripting.Core", "Unity.VisualScripting.Core.Player.csproj", "{FA8A0E6E-3892-EE10-D31E-29A8E19C9642}"
EndProject
Project("{FAE04EC0-301F-11D3-BF4B-00C04F79EFBC}") = "Unity.Services.Core.Environments.Internal", "Unity.Services.Core.Environments.Internal.Player.csproj", "{17587440-2AE4-D550-1239-5E952BAB424B}"
EndProject
Project("{FAE04EC0-301F-11D3-BF4B-00C04F79EFBC}") = "Unity.TextMeshPro", "Unity.TextMeshPro.Player.csproj", "{C8C905CF-87A1-9F97-1001-03CC4B35F05F}"
EndProject
Project("{FAE04EC0-301F-11D3-BF4B-00C04F79EFBC}") = "Unity.Timeline", "Unity.Timeline.Player.csproj", "{F531ABB8-15DD-DB2A-F77D-6138DFA546C1}"
EndProject
Project("{FAE04EC0-301F-11D3-BF4B-00C04F79EFBC}") = "Unity.Services.Core", "Unity.Services.Core.Player.csproj", "{F23F57F2-DB46-E32D-959F-BC6197B86905}"
EndProject
Project("{FAE04EC0-301F-11D3-BF4B-00C04F79EFBC}") = "Unity.Services.Core.Environments", "Unity.Services.Core.Environments.Player.csproj", "{DAB46B88-D78D-12CA-2517-4A0D998584D7}"
EndProject
Project("{FAE04EC0-301F-11D3-BF4B-00C04F79EFBC}") = "Unity.Services.Core.Internal", "Unity.Services.Core.Internal.Player.csproj", "{D1D19451-BB0B-E07E-0512-331F286D3630}"
EndProject
Project("{FAE04EC0-301F-11D3-BF4B-00C04F79EFBC}") = "Unity.Services.Core.Analytics", "Unity.Services.Core.Analytics.Player.csproj", "{71B2D9DE-8A21-144A-8CD2-99A4491C5F7F}"
EndProject
Project("{FAE04EC0-301F-11D3-BF4B-00C04F79EFBC}") = "Unity.Services.Core.Scheduler", "Unity.Services.Core.Scheduler.Player.csproj", "{ED62B577-F73E-9EF9-3467-13BE9EA5640E}"
EndProject
Project("{FAE04EC0-301F-11D3-BF4B-00C04F79EFBC}") = "Unity.Services.Core.Registration", "Unity.Services.Core.Registration.Player.csproj", "{0B4E9DC3-CECD-505D-4A9A-23D5ED7CEA8C}"
EndProject
Project("{FAE04EC0-301F-11D3-BF4B-00C04F79EFBC}") = "Assembly-CSharp", "Assembly-CSharp.Player.csproj", "{3705EF21-EE9D-3308-C531-087382042FA9}"
EndProject
Project("{FAE04EC0-301F-11D3-BF4B-00C04F79EFBC}") = "Unity.Services.Core.Device", "Unity.Services.Core.Device.Player.csproj", "{AC49D035-29EB-FAA2-E7DD-D82F927D6BF5}"
EndProject
Project("{FAE04EC0-301F-11D3-BF4B-00C04F79EFBC}") = "Unity.Services.Core.Threading", "Unity.Services.Core.Threading.Player.csproj", "{9CBF7A78-16AF-8D5E-7227-C876ACC88BCB}"
EndProject
Project("{FAE04EC0-301F-11D3-BF4B-00C04F79EFBC}") = "Unity.Services.Core.Networking", "Unity.Services.Core.Networking.Player.csproj", "{D512A40B-8142-764B-D03E-2AC7E12F0FDC}"
EndProject
Project("{FAE04EC0-301F-11D3-BF4B-00C04F79EFBC}") = "Unity.Services.Core.Configuration", "Unity.Services.Core.Configuration.Player.csproj", "{A9BBBB49-809A-C472-0A36-29122B122352}"
EndProject
Global
	GlobalSection(SolutionConfigurationPlatforms) = preSolution
		Debug|Any CPU = Debug|Any CPU
		Release|Any CPU = Release|Any CPU
	EndGlobalSection
	GlobalSection(ProjectConfigurationPlatforms) = postSolution
		{39AF9565-C2F2-E71F-9309-CF6F25042EF1}.Debug|Any CPU.ActiveCfg = Debug|Any CPU
		{39AF9565-C2F2-E71F-9309-CF6F25042EF1}.Debug|Any CPU.Build.0 = Debug|Any CPU
		{39AF9565-C2F2-E71F-9309-CF6F25042EF1}.Release|Any CPU.ActiveCfg = Release|Any CPU
		{39AF9565-C2F2-E71F-9309-CF6F25042EF1}.Release|Any CPU.Build.0 = Release|Any CPU
		{EDBA2C08-7960-84BA-73C7-9A23E94FBBA0}.Debug|Any CPU.ActiveCfg = Debug|Any CPU
		{EDBA2C08-7960-84BA-73C7-9A23E94FBBA0}.Debug|Any CPU.Build.0 = Debug|Any CPU
		{EDBA2C08-7960-84BA-73C7-9A23E94FBBA0}.Release|Any CPU.ActiveCfg = Release|Any CPU
		{EDBA2C08-7960-84BA-73C7-9A23E94FBBA0}.Release|Any CPU.Build.0 = Release|Any CPU
		{C3E9F4BA-83E9-8306-BC74-8D89957652B0}.Debug|Any CPU.ActiveCfg = Debug|Any CPU
		{C3E9F4BA-83E9-8306-BC74-8D89957652B0}.Debug|Any CPU.Build.0 = Debug|Any CPU
		{C3E9F4BA-83E9-8306-BC74-8D89957652B0}.Release|Any CPU.ActiveCfg = Release|Any CPU
		{C3E9F4BA-83E9-8306-BC74-8D89957652B0}.Release|Any CPU.Build.0 = Release|Any CPU
		{93873C01-A000-BC15-10A9-8363B182CCB7}.Debug|Any CPU.ActiveCfg = Debug|Any CPU
		{93873C01-A000-BC15-10A9-8363B182CCB7}.Debug|Any CPU.Build.0 = Debug|Any CPU
		{93873C01-A000-BC15-10A9-8363B182CCB7}.Release|Any CPU.ActiveCfg = Release|Any CPU
		{93873C01-A000-BC15-10A9-8363B182CCB7}.Release|Any CPU.Build.0 = Release|Any CPU
		{80AF93E7-94EF-EEB3-A1E9-3742DF0707A8}.Debug|Any CPU.ActiveCfg = Debug|Any CPU
		{80AF93E7-94EF-EEB3-A1E9-3742DF0707A8}.Debug|Any CPU.Build.0 = Debug|Any CPU
		{80AF93E7-94EF-EEB3-A1E9-3742DF0707A8}.Release|Any CPU.ActiveCfg = Release|Any CPU
		{80AF93E7-94EF-EEB3-A1E9-3742DF0707A8}.Release|Any CPU.Build.0 = Release|Any CPU
		{28B2AB11-04E4-26AC-0DCE-73EC385E6D08}.Debug|Any CPU.ActiveCfg = Debug|Any CPU
		{28B2AB11-04E4-26AC-0DCE-73EC385E6D08}.Debug|Any CPU.Build.0 = Debug|Any CPU
		{28B2AB11-04E4-26AC-0DCE-73EC385E6D08}.Release|Any CPU.ActiveCfg = Release|Any CPU
		{28B2AB11-04E4-26AC-0DCE-73EC385E6D08}.Release|Any CPU.Build.0 = Release|Any CPU
		{A137B538-1D90-920B-BECB-E8D18D8E2375}.Debug|Any CPU.ActiveCfg = Debug|Any CPU
		{A137B538-1D90-920B-BECB-E8D18D8E2375}.Debug|Any CPU.Build.0 = Debug|Any CPU
		{A137B538-1D90-920B-BECB-E8D18D8E2375}.Release|Any CPU.ActiveCfg = Release|Any CPU
		{A137B538-1D90-920B-BECB-E8D18D8E2375}.Release|Any CPU.Build.0 = Release|Any CPU
		{5EB11DA9-91F5-295D-087E-2972356E33AF}.Debug|Any CPU.ActiveCfg = Debug|Any CPU
		{5EB11DA9-91F5-295D-087E-2972356E33AF}.Debug|Any CPU.Build.0 = Debug|Any CPU
		{5EB11DA9-91F5-295D-087E-2972356E33AF}.Release|Any CPU.ActiveCfg = Release|Any CPU
		{5EB11DA9-91F5-295D-087E-2972356E33AF}.Release|Any CPU.Build.0 = Release|Any CPU
		{C23AACCB-41DB-4A90-C526-FB9888F5D582}.Debug|Any CPU.ActiveCfg = Debug|Any CPU
		{C23AACCB-41DB-4A90-C526-FB9888F5D582}.Debug|Any CPU.Build.0 = Debug|Any CPU
		{C23AACCB-41DB-4A90-C526-FB9888F5D582}.Release|Any CPU.ActiveCfg = Release|Any CPU
		{C23AACCB-41DB-4A90-C526-FB9888F5D582}.Release|Any CPU.Build.0 = Release|Any CPU
		{44D658B6-2158-EEB5-199C-CE8104FBCD50}.Debug|Any CPU.ActiveCfg = Debug|Any CPU
		{44D658B6-2158-EEB5-199C-CE8104FBCD50}.Debug|Any CPU.Build.0 = Debug|Any CPU
		{44D658B6-2158-EEB5-199C-CE8104FBCD50}.Release|Any CPU.ActiveCfg = Release|Any CPU
		{44D658B6-2158-EEB5-199C-CE8104FBCD50}.Release|Any CPU.Build.0 = Release|Any CPU
		{6361E332-89A8-3296-C2DA-DFE8B3CB8FA4}.Debug|Any CPU.ActiveCfg = Debug|Any CPU
		{6361E332-89A8-3296-C2DA-DFE8B3CB8FA4}.Debug|Any CPU.Build.0 = Debug|Any CPU
		{6361E332-89A8-3296-C2DA-DFE8B3CB8FA4}.Release|Any CPU.ActiveCfg = Release|Any CPU
		{6361E332-89A8-3296-C2DA-DFE8B3CB8FA4}.Release|Any CPU.Build.0 = Release|Any CPU
		{A7444374-BCA0-E748-A816-BBC0E8E677EA}.Debug|Any CPU.ActiveCfg = Debug|Any CPU
		{A7444374-BCA0-E748-A816-BBC0E8E677EA}.Debug|Any CPU.Build.0 = Debug|Any CPU
		{A7444374-BCA0-E748-A816-BBC0E8E677EA}.Release|Any CPU.ActiveCfg = Release|Any CPU
		{A7444374-BCA0-E748-A816-BBC0E8E677EA}.Release|Any CPU.Build.0 = Release|Any CPU
		{82A7CE6B-0500-A52A-E578-2296CFA4A1E3}.Debug|Any CPU.ActiveCfg = Debug|Any CPU
		{82A7CE6B-0500-A52A-E578-2296CFA4A1E3}.Debug|Any CPU.Build.0 = Debug|Any CPU
		{82A7CE6B-0500-A52A-E578-2296CFA4A1E3}.Release|Any CPU.ActiveCfg = Release|Any CPU
		{82A7CE6B-0500-A52A-E578-2296CFA4A1E3}.Release|Any CPU.Build.0 = Release|Any CPU
		{6107F904-43D5-D6E5-881F-8AC90EB864D7}.Debug|Any CPU.ActiveCfg = Debug|Any CPU
		{6107F904-43D5-D6E5-881F-8AC90EB864D7}.Debug|Any CPU.Build.0 = Debug|Any CPU
		{6107F904-43D5-D6E5-881F-8AC90EB864D7}.Release|Any CPU.ActiveCfg = Release|Any CPU
		{6107F904-43D5-D6E5-881F-8AC90EB864D7}.Release|Any CPU.Build.0 = Release|Any CPU
		{B9C19BB5-C1C8-67B4-0C89-1D14BEA1B9C0}.Debug|Any CPU.ActiveCfg = Debug|Any CPU
		{B9C19BB5-C1C8-67B4-0C89-1D14BEA1B9C0}.Debug|Any CPU.Build.0 = Debug|Any CPU
		{B9C19BB5-C1C8-67B4-0C89-1D14BEA1B9C0}.Release|Any CPU.ActiveCfg = Release|Any CPU
		{B9C19BB5-C1C8-67B4-0C89-1D14BEA1B9C0}.Release|Any CPU.Build.0 = Release|Any CPU
		{07862C7E-66AB-D69A-A713-C5A4966ECAA3}.Debug|Any CPU.ActiveCfg = Debug|Any CPU
		{07862C7E-66AB-D69A-A713-C5A4966ECAA3}.Debug|Any CPU.Build.0 = Debug|Any CPU
		{07862C7E-66AB-D69A-A713-C5A4966ECAA3}.Release|Any CPU.ActiveCfg = Release|Any CPU
		{07862C7E-66AB-D69A-A713-C5A4966ECAA3}.Release|Any CPU.Build.0 = Release|Any CPU
		{155473EF-FFAC-A4B9-1C2F-58EF15933D0C}.Debug|Any CPU.ActiveCfg = Debug|Any CPU
		{155473EF-FFAC-A4B9-1C2F-58EF15933D0C}.Debug|Any CPU.Build.0 = Debug|Any CPU
		{155473EF-FFAC-A4B9-1C2F-58EF15933D0C}.Release|Any CPU.ActiveCfg = Release|Any CPU
		{155473EF-FFAC-A4B9-1C2F-58EF15933D0C}.Release|Any CPU.Build.0 = Release|Any CPU
		{E1E1FED5-4731-C08D-CE80-8ABA630C0C70}.Debug|Any CPU.ActiveCfg = Debug|Any CPU
		{E1E1FED5-4731-C08D-CE80-8ABA630C0C70}.Debug|Any CPU.Build.0 = Debug|Any CPU
		{E1E1FED5-4731-C08D-CE80-8ABA630C0C70}.Release|Any CPU.ActiveCfg = Release|Any CPU
		{E1E1FED5-4731-C08D-CE80-8ABA630C0C70}.Release|Any CPU.Build.0 = Release|Any CPU
		{199B0AE2-AD3E-5FF2-6DBB-255CA4C83376}.Debug|Any CPU.ActiveCfg = Debug|Any CPU
		{199B0AE2-AD3E-5FF2-6DBB-255CA4C83376}.Debug|Any CPU.Build.0 = Debug|Any CPU
		{199B0AE2-AD3E-5FF2-6DBB-255CA4C83376}.Release|Any CPU.ActiveCfg = Release|Any CPU
		{199B0AE2-AD3E-5FF2-6DBB-255CA4C83376}.Release|Any CPU.Build.0 = Release|Any CPU
		{5DBC6121-E6FF-BA76-31DA-D0D86E1CD8CD}.Debug|Any CPU.ActiveCfg = Debug|Any CPU
		{5DBC6121-E6FF-BA76-31DA-D0D86E1CD8CD}.Debug|Any CPU.Build.0 = Debug|Any CPU
		{5DBC6121-E6FF-BA76-31DA-D0D86E1CD8CD}.Release|Any CPU.ActiveCfg = Release|Any CPU
		{5DBC6121-E6FF-BA76-31DA-D0D86E1CD8CD}.Release|Any CPU.Build.0 = Release|Any CPU
		{E828F7C6-2849-F813-74B3-8C34045942AE}.Debug|Any CPU.ActiveCfg = Debug|Any CPU
		{E828F7C6-2849-F813-74B3-8C34045942AE}.Debug|Any CPU.Build.0 = Debug|Any CPU
		{E828F7C6-2849-F813-74B3-8C34045942AE}.Release|Any CPU.ActiveCfg = Release|Any CPU
		{E828F7C6-2849-F813-74B3-8C34045942AE}.Release|Any CPU.Build.0 = Release|Any CPU
		{82D71DAD-5E40-A645-2145-80DEB71F3F07}.Debug|Any CPU.ActiveCfg = Debug|Any CPU
		{82D71DAD-5E40-A645-2145-80DEB71F3F07}.Debug|Any CPU.Build.0 = Debug|Any CPU
		{82D71DAD-5E40-A645-2145-80DEB71F3F07}.Release|Any CPU.ActiveCfg = Release|Any CPU
		{82D71DAD-5E40-A645-2145-80DEB71F3F07}.Release|Any CPU.Build.0 = Release|Any CPU
		{EC4B80E6-2D55-7A7E-FF52-7FCE440E7120}.Debug|Any CPU.ActiveCfg = Debug|Any CPU
		{EC4B80E6-2D55-7A7E-FF52-7FCE440E7120}.Debug|Any CPU.Build.0 = Debug|Any CPU
		{EC4B80E6-2D55-7A7E-FF52-7FCE440E7120}.Release|Any CPU.ActiveCfg = Release|Any CPU
		{EC4B80E6-2D55-7A7E-FF52-7FCE440E7120}.Release|Any CPU.Build.0 = Release|Any CPU
		{B1D39982-A455-6971-ECC5-230C45B59D7A}.Debug|Any CPU.ActiveCfg = Debug|Any CPU
		{B1D39982-A455-6971-ECC5-230C45B59D7A}.Debug|Any CPU.Build.0 = Debug|Any CPU
		{B1D39982-A455-6971-ECC5-230C45B59D7A}.Release|Any CPU.ActiveCfg = Release|Any CPU
		{B1D39982-A455-6971-ECC5-230C45B59D7A}.Release|Any CPU.Build.0 = Release|Any CPU
		{8DD62C2B-8EEC-2265-F7F2-9C529EFFE729}.Debug|Any CPU.ActiveCfg = Debug|Any CPU
		{8DD62C2B-8EEC-2265-F7F2-9C529EFFE729}.Debug|Any CPU.Build.0 = Debug|Any CPU
		{8DD62C2B-8EEC-2265-F7F2-9C529EFFE729}.Release|Any CPU.ActiveCfg = Release|Any CPU
		{8DD62C2B-8EEC-2265-F7F2-9C529EFFE729}.Release|Any CPU.Build.0 = Release|Any CPU
		{0091C530-679E-BC52-121C-8AD336FBB27E}.Debug|Any CPU.ActiveCfg = Debug|Any CPU
		{0091C530-679E-BC52-121C-8AD336FBB27E}.Debug|Any CPU.Build.0 = Debug|Any CPU
		{0091C530-679E-BC52-121C-8AD336FBB27E}.Release|Any CPU.ActiveCfg = Release|Any CPU
		{0091C530-679E-BC52-121C-8AD336FBB27E}.Release|Any CPU.Build.0 = Release|Any CPU
		{AA6A4172-7DD3-5A6D-E685-B96F7FC08329}.Debug|Any CPU.ActiveCfg = Debug|Any CPU
		{AA6A4172-7DD3-5A6D-E685-B96F7FC08329}.Debug|Any CPU.Build.0 = Debug|Any CPU
		{AA6A4172-7DD3-5A6D-E685-B96F7FC08329}.Release|Any CPU.ActiveCfg = Release|Any CPU
		{AA6A4172-7DD3-5A6D-E685-B96F7FC08329}.Release|Any CPU.Build.0 = Release|Any CPU
		{D58EC8E3-D3E3-56B2-3ECA-E73B69B84C09}.Debug|Any CPU.ActiveCfg = Debug|Any CPU
		{D58EC8E3-D3E3-56B2-3ECA-E73B69B84C09}.Debug|Any CPU.Build.0 = Debug|Any CPU
		{D58EC8E3-D3E3-56B2-3ECA-E73B69B84C09}.Release|Any CPU.ActiveCfg = Release|Any CPU
		{D58EC8E3-D3E3-56B2-3ECA-E73B69B84C09}.Release|Any CPU.Build.0 = Release|Any CPU
		{E011D0D6-31FC-7CFC-26FB-8DC5A740EBB5}.Debug|Any CPU.ActiveCfg = Debug|Any CPU
		{E011D0D6-31FC-7CFC-26FB-8DC5A740EBB5}.Debug|Any CPU.Build.0 = Debug|Any CPU
		{E011D0D6-31FC-7CFC-26FB-8DC5A740EBB5}.Release|Any CPU.ActiveCfg = Release|Any CPU
		{E011D0D6-31FC-7CFC-26FB-8DC5A740EBB5}.Release|Any CPU.Build.0 = Release|Any CPU
		{5A3FC69F-1415-65E8-3A3B-6542DA26891C}.Debug|Any CPU.ActiveCfg = Debug|Any CPU
		{5A3FC69F-1415-65E8-3A3B-6542DA26891C}.Debug|Any CPU.Build.0 = Debug|Any CPU
		{5A3FC69F-1415-65E8-3A3B-6542DA26891C}.Release|Any CPU.ActiveCfg = Release|Any CPU
		{5A3FC69F-1415-65E8-3A3B-6542DA26891C}.Release|Any CPU.Build.0 = Release|Any CPU
		{EFA8BCC7-E50B-6125-0FA6-386F7015018D}.Debug|Any CPU.ActiveCfg = Debug|Any CPU
		{EFA8BCC7-E50B-6125-0FA6-386F7015018D}.Debug|Any CPU.Build.0 = Debug|Any CPU
		{EFA8BCC7-E50B-6125-0FA6-386F7015018D}.Release|Any CPU.ActiveCfg = Release|Any CPU
		{EFA8BCC7-E50B-6125-0FA6-386F7015018D}.Release|Any CPU.Build.0 = Release|Any CPU
		{CCB4C4EB-F0A5-A717-BA54-FA11001A5C5F}.Debug|Any CPU.ActiveCfg = Debug|Any CPU
		{CCB4C4EB-F0A5-A717-BA54-FA11001A5C5F}.Debug|Any CPU.Build.0 = Debug|Any CPU
		{CCB4C4EB-F0A5-A717-BA54-FA11001A5C5F}.Release|Any CPU.ActiveCfg = Release|Any CPU
		{CCB4C4EB-F0A5-A717-BA54-FA11001A5C5F}.Release|Any CPU.Build.0 = Release|Any CPU
		{32F67AD8-3C52-199B-51A8-E32A86053752}.Debug|Any CPU.ActiveCfg = Debug|Any CPU
		{32F67AD8-3C52-199B-51A8-E32A86053752}.Debug|Any CPU.Build.0 = Debug|Any CPU
		{32F67AD8-3C52-199B-51A8-E32A86053752}.Release|Any CPU.ActiveCfg = Release|Any CPU
		{32F67AD8-3C52-199B-51A8-E32A86053752}.Release|Any CPU.Build.0 = Release|Any CPU
		{1BD72984-24C0-3C57-6766-AB8F86AEA32F}.Debug|Any CPU.ActiveCfg = Debug|Any CPU
		{1BD72984-24C0-3C57-6766-AB8F86AEA32F}.Debug|Any CPU.Build.0 = Debug|Any CPU
		{1BD72984-24C0-3C57-6766-AB8F86AEA32F}.Release|Any CPU.ActiveCfg = Release|Any CPU
		{1BD72984-24C0-3C57-6766-AB8F86AEA32F}.Release|Any CPU.Build.0 = Release|Any CPU
		{65F5AF22-ADC4-788E-3194-B31DF42E7777}.Debug|Any CPU.ActiveCfg = Debug|Any CPU
		{65F5AF22-ADC4-788E-3194-B31DF42E7777}.Debug|Any CPU.Build.0 = Debug|Any CPU
		{65F5AF22-ADC4-788E-3194-B31DF42E7777}.Release|Any CPU.ActiveCfg = Release|Any CPU
		{65F5AF22-ADC4-788E-3194-B31DF42E7777}.Release|Any CPU.Build.0 = Release|Any CPU
		{2A8DB1F0-0D05-5615-7603-249C61722E71}.Debug|Any CPU.ActiveCfg = Debug|Any CPU
		{2A8DB1F0-0D05-5615-7603-249C61722E71}.Debug|Any CPU.Build.0 = Debug|Any CPU
		{2A8DB1F0-0D05-5615-7603-249C61722E71}.Release|Any CPU.ActiveCfg = Release|Any CPU
		{2A8DB1F0-0D05-5615-7603-249C61722E71}.Release|Any CPU.Build.0 = Release|Any CPU
		{8F00630D-5CF1-0339-5DDD-18825B979111}.Debug|Any CPU.ActiveCfg = Debug|Any CPU
		{8F00630D-5CF1-0339-5DDD-18825B979111}.Debug|Any CPU.Build.0 = Debug|Any CPU
		{8F00630D-5CF1-0339-5DDD-18825B979111}.Release|Any CPU.ActiveCfg = Release|Any CPU
		{8F00630D-5CF1-0339-5DDD-18825B979111}.Release|Any CPU.Build.0 = Release|Any CPU
		{C5932056-618C-B517-D452-0ED11CFECA81}.Debug|Any CPU.ActiveCfg = Debug|Any CPU
		{C5932056-618C-B517-D452-0ED11CFECA81}.Debug|Any CPU.Build.0 = Debug|Any CPU
		{C5932056-618C-B517-D452-0ED11CFECA81}.Release|Any CPU.ActiveCfg = Release|Any CPU
		{C5932056-618C-B517-D452-0ED11CFECA81}.Release|Any CPU.Build.0 = Release|Any CPU
		{78D57DFF-1018-AE76-113C-2BE9D6D49836}.Debug|Any CPU.ActiveCfg = Debug|Any CPU
		{78D57DFF-1018-AE76-113C-2BE9D6D49836}.Debug|Any CPU.Build.0 = Debug|Any CPU
		{78D57DFF-1018-AE76-113C-2BE9D6D49836}.Release|Any CPU.ActiveCfg = Release|Any CPU
		{78D57DFF-1018-AE76-113C-2BE9D6D49836}.Release|Any CPU.Build.0 = Release|Any CPU
		{0F001DF4-4F77-984C-1309-9314330A69C5}.Debug|Any CPU.ActiveCfg = Debug|Any CPU
		{0F001DF4-4F77-984C-1309-9314330A69C5}.Debug|Any CPU.Build.0 = Debug|Any CPU
		{0F001DF4-4F77-984C-1309-9314330A69C5}.Release|Any CPU.ActiveCfg = Release|Any CPU
		{0F001DF4-4F77-984C-1309-9314330A69C5}.Release|Any CPU.Build.0 = Release|Any CPU
		{5FA3401C-BF29-DA80-BAE5-3B5182336DAD}.Debug|Any CPU.ActiveCfg = Debug|Any CPU
		{5FA3401C-BF29-DA80-BAE5-3B5182336DAD}.Debug|Any CPU.Build.0 = Debug|Any CPU
		{5FA3401C-BF29-DA80-BAE5-3B5182336DAD}.Release|Any CPU.ActiveCfg = Release|Any CPU
		{5FA3401C-BF29-DA80-BAE5-3B5182336DAD}.Release|Any CPU.Build.0 = Release|Any CPU
		{FCBE1B54-12CA-58E8-7DD2-CD8AF00974B8}.Debug|Any CPU.ActiveCfg = Debug|Any CPU
		{FCBE1B54-12CA-58E8-7DD2-CD8AF00974B8}.Debug|Any CPU.Build.0 = Debug|Any CPU
		{FCBE1B54-12CA-58E8-7DD2-CD8AF00974B8}.Release|Any CPU.ActiveCfg = Release|Any CPU
		{FCBE1B54-12CA-58E8-7DD2-CD8AF00974B8}.Release|Any CPU.Build.0 = Release|Any CPU
		{307E6751-F175-DFE2-E468-EC59AC0C8441}.Debug|Any CPU.ActiveCfg = Debug|Any CPU
		{307E6751-F175-DFE2-E468-EC59AC0C8441}.Debug|Any CPU.Build.0 = Debug|Any CPU
		{307E6751-F175-DFE2-E468-EC59AC0C8441}.Release|Any CPU.ActiveCfg = Release|Any CPU
		{307E6751-F175-DFE2-E468-EC59AC0C8441}.Release|Any CPU.Build.0 = Release|Any CPU
		{36F048C5-7AEA-A322-28DB-A581AB4DB2CA}.Debug|Any CPU.ActiveCfg = Debug|Any CPU
		{36F048C5-7AEA-A322-28DB-A581AB4DB2CA}.Debug|Any CPU.Build.0 = Debug|Any CPU
		{36F048C5-7AEA-A322-28DB-A581AB4DB2CA}.Release|Any CPU.ActiveCfg = Release|Any CPU
		{36F048C5-7AEA-A322-28DB-A581AB4DB2CA}.Release|Any CPU.Build.0 = Release|Any CPU
		{3D9AF0DD-060E-5A6B-3A01-DEBBF5DBA519}.Debug|Any CPU.ActiveCfg = Debug|Any CPU
		{3D9AF0DD-060E-5A6B-3A01-DEBBF5DBA519}.Debug|Any CPU.Build.0 = Debug|Any CPU
		{3D9AF0DD-060E-5A6B-3A01-DEBBF5DBA519}.Release|Any CPU.ActiveCfg = Release|Any CPU
		{3D9AF0DD-060E-5A6B-3A01-DEBBF5DBA519}.Release|Any CPU.Build.0 = Release|Any CPU
		{1F18AC24-608D-3A0D-51A5-369A97D5A796}.Debug|Any CPU.ActiveCfg = Debug|Any CPU
		{1F18AC24-608D-3A0D-51A5-369A97D5A796}.Debug|Any CPU.Build.0 = Debug|Any CPU
		{1F18AC24-608D-3A0D-51A5-369A97D5A796}.Release|Any CPU.ActiveCfg = Release|Any CPU
		{1F18AC24-608D-3A0D-51A5-369A97D5A796}.Release|Any CPU.Build.0 = Release|Any CPU
		{50210D70-C40B-E624-1727-7E5635A97566}.Debug|Any CPU.ActiveCfg = Debug|Any CPU
		{50210D70-C40B-E624-1727-7E5635A97566}.Debug|Any CPU.Build.0 = Debug|Any CPU
		{50210D70-C40B-E624-1727-7E5635A97566}.Release|Any CPU.ActiveCfg = Release|Any CPU
		{50210D70-C40B-E624-1727-7E5635A97566}.Release|Any CPU.Build.0 = Release|Any CPU
		{FA8A0E6E-3892-EE10-D31E-29A8E19C9642}.Debug|Any CPU.ActiveCfg = Debug|Any CPU
		{FA8A0E6E-3892-EE10-D31E-29A8E19C9642}.Debug|Any CPU.Build.0 = Debug|Any CPU
		{FA8A0E6E-3892-EE10-D31E-29A8E19C9642}.Release|Any CPU.ActiveCfg = Release|Any CPU
		{FA8A0E6E-3892-EE10-D31E-29A8E19C9642}.Release|Any CPU.Build.0 = Release|Any CPU
		{17587440-2AE4-D550-1239-5E952BAB424B}.Debug|Any CPU.ActiveCfg = Debug|Any CPU
		{17587440-2AE4-D550-1239-5E952BAB424B}.Debug|Any CPU.Build.0 = Debug|Any CPU
		{17587440-2AE4-D550-1239-5E952BAB424B}.Release|Any CPU.ActiveCfg = Release|Any CPU
		{17587440-2AE4-D550-1239-5E952BAB424B}.Release|Any CPU.Build.0 = Release|Any CPU
		{C8C905CF-87A1-9F97-1001-03CC4B35F05F}.Debug|Any CPU.ActiveCfg = Debug|Any CPU
		{C8C905CF-87A1-9F97-1001-03CC4B35F05F}.Debug|Any CPU.Build.0 = Debug|Any CPU
		{C8C905CF-87A1-9F97-1001-03CC4B35F05F}.Release|Any CPU.ActiveCfg = Release|Any CPU
		{C8C905CF-87A1-9F97-1001-03CC4B35F05F}.Release|Any CPU.Build.0 = Release|Any CPU
		{F531ABB8-15DD-DB2A-F77D-6138DFA546C1}.Debug|Any CPU.ActiveCfg = Debug|Any CPU
		{F531ABB8-15DD-DB2A-F77D-6138DFA546C1}.Debug|Any CPU.Build.0 = Debug|Any CPU
		{F531ABB8-15DD-DB2A-F77D-6138DFA546C1}.Release|Any CPU.ActiveCfg = Release|Any CPU
		{F531ABB8-15DD-DB2A-F77D-6138DFA546C1}.Release|Any CPU.Build.0 = Release|Any CPU
		{F23F57F2-DB46-E32D-959F-BC6197B86905}.Debug|Any CPU.ActiveCfg = Debug|Any CPU
		{F23F57F2-DB46-E32D-959F-BC6197B86905}.Debug|Any CPU.Build.0 = Debug|Any CPU
		{F23F57F2-DB46-E32D-959F-BC6197B86905}.Release|Any CPU.ActiveCfg = Release|Any CPU
		{F23F57F2-DB46-E32D-959F-BC6197B86905}.Release|Any CPU.Build.0 = Release|Any CPU
		{DAB46B88-D78D-12CA-2517-4A0D998584D7}.Debug|Any CPU.ActiveCfg = Debug|Any CPU
		{DAB46B88-D78D-12CA-2517-4A0D998584D7}.Debug|Any CPU.Build.0 = Debug|Any CPU
		{DAB46B88-D78D-12CA-2517-4A0D998584D7}.Release|Any CPU.ActiveCfg = Release|Any CPU
		{DAB46B88-D78D-12CA-2517-4A0D998584D7}.Release|Any CPU.Build.0 = Release|Any CPU
		{D1D19451-BB0B-E07E-0512-331F286D3630}.Debug|Any CPU.ActiveCfg = Debug|Any CPU
		{D1D19451-BB0B-E07E-0512-331F286D3630}.Debug|Any CPU.Build.0 = Debug|Any CPU
		{D1D19451-BB0B-E07E-0512-331F286D3630}.Release|Any CPU.ActiveCfg = Release|Any CPU
		{D1D19451-BB0B-E07E-0512-331F286D3630}.Release|Any CPU.Build.0 = Release|Any CPU
		{71B2D9DE-8A21-144A-8CD2-99A4491C5F7F}.Debug|Any CPU.ActiveCfg = Debug|Any CPU
		{71B2D9DE-8A21-144A-8CD2-99A4491C5F7F}.Debug|Any CPU.Build.0 = Debug|Any CPU
		{71B2D9DE-8A21-144A-8CD2-99A4491C5F7F}.Release|Any CPU.ActiveCfg = Release|Any CPU
		{71B2D9DE-8A21-144A-8CD2-99A4491C5F7F}.Release|Any CPU.Build.0 = Release|Any CPU
		{ED62B577-F73E-9EF9-3467-13BE9EA5640E}.Debug|Any CPU.ActiveCfg = Debug|Any CPU
		{ED62B577-F73E-9EF9-3467-13BE9EA5640E}.Debug|Any CPU.Build.0 = Debug|Any CPU
		{ED62B577-F73E-9EF9-3467-13BE9EA5640E}.Release|Any CPU.ActiveCfg = Release|Any CPU
		{ED62B577-F73E-9EF9-3467-13BE9EA5640E}.Release|Any CPU.Build.0 = Release|Any CPU
		{0B4E9DC3-CECD-505D-4A9A-23D5ED7CEA8C}.Debug|Any CPU.ActiveCfg = Debug|Any CPU
		{0B4E9DC3-CECD-505D-4A9A-23D5ED7CEA8C}.Debug|Any CPU.Build.0 = Debug|Any CPU
		{0B4E9DC3-CECD-505D-4A9A-23D5ED7CEA8C}.Release|Any CPU.ActiveCfg = Release|Any CPU
		{0B4E9DC3-CECD-505D-4A9A-23D5ED7CEA8C}.Release|Any CPU.Build.0 = Release|Any CPU
		{3705EF21-EE9D-3308-C531-087382042FA9}.Debug|Any CPU.ActiveCfg = Debug|Any CPU
		{3705EF21-EE9D-3308-C531-087382042FA9}.Debug|Any CPU.Build.0 = Debug|Any CPU
		{3705EF21-EE9D-3308-C531-087382042FA9}.Release|Any CPU.ActiveCfg = Release|Any CPU
		{3705EF21-EE9D-3308-C531-087382042FA9}.Release|Any CPU.Build.0 = Release|Any CPU
		{AC49D035-29EB-FAA2-E7DD-D82F927D6BF5}.Debug|Any CPU.ActiveCfg = Debug|Any CPU
		{AC49D035-29EB-FAA2-E7DD-D82F927D6BF5}.Debug|Any CPU.Build.0 = Debug|Any CPU
		{AC49D035-29EB-FAA2-E7DD-D82F927D6BF5}.Release|Any CPU.ActiveCfg = Release|Any CPU
		{AC49D035-29EB-FAA2-E7DD-D82F927D6BF5}.Release|Any CPU.Build.0 = Release|Any CPU
		{9CBF7A78-16AF-8D5E-7227-C876ACC88BCB}.Debug|Any CPU.ActiveCfg = Debug|Any CPU
		{9CBF7A78-16AF-8D5E-7227-C876ACC88BCB}.Debug|Any CPU.Build.0 = Debug|Any CPU
		{9CBF7A78-16AF-8D5E-7227-C876ACC88BCB}.Release|Any CPU.ActiveCfg = Release|Any CPU
		{9CBF7A78-16AF-8D5E-7227-C876ACC88BCB}.Release|Any CPU.Build.0 = Release|Any CPU
		{D512A40B-8142-764B-D03E-2AC7E12F0FDC}.Debug|Any CPU.ActiveCfg = Debug|Any CPU
		{D512A40B-8142-764B-D03E-2AC7E12F0FDC}.Debug|Any CPU.Build.0 = Debug|Any CPU
		{D512A40B-8142-764B-D03E-2AC7E12F0FDC}.Release|Any CPU.ActiveCfg = Release|Any CPU
		{D512A40B-8142-764B-D03E-2AC7E12F0FDC}.Release|Any CPU.Build.0 = Release|Any CPU
		{A9BBBB49-809A-C472-0A36-29122B122352}.Debug|Any CPU.ActiveCfg = Debug|Any CPU
		{A9BBBB49-809A-C472-0A36-29122B122352}.Debug|Any CPU.Build.0 = Debug|Any CPU
		{A9BBBB49-809A-C472-0A36-29122B122352}.Release|Any CPU.ActiveCfg = Release|Any CPU
		{A9BBBB49-809A-C472-0A36-29122B122352}.Release|Any CPU.Build.0 = Release|Any CPU
	EndGlobalSection
	GlobalSection(SolutionProperties) = preSolution
		HideSolutionNode = FALSE
	EndGlobalSection
EndGlobal
